
Microsoft Visual Studio Solution File, Format Version 12.00
# Visual Studio Version 17
VisualStudioVersion = 17.4.33103.184
MinimumVisualStudioVersion = 10.0.40219.1
Project("{FAE04EC0-301F-11D3-BF4B-00C04F79EFBC}") = "Presentation", "HelloExpertWithLayersTest\Presentation.csproj", "{13034C14-8410-459A-ACE6-EA730F08F36C}"
EndProject
Project("{FAE04EC0-301F-11D3-BF4B-00C04F79EFBC}") = "Core", "Core\Core.csproj", "{89354BC1-D687-4203-BCF6-50C9BB17BAA5}"
EndProject
Project("{FAE04EC0-301F-11D3-BF4B-00C04F79EFBC}") = "Application", "Application\Application.csproj", "{D882FDE4-5375-4AF1-98C2-78A41253C75B}"
EndProject
Project("{FAE04EC0-301F-11D3-BF4B-00C04F79EFBC}") = "Infrastructure", "Infrastructure\Infrastructure.csproj", "{D0D90E84-8C54-4800-BAF6-013D13FCAE16}"
EndProject
Global
	GlobalSection(SolutionConfigurationPlatforms) = preSolution
		Debug|Any CPU = Debug|Any CPU
		Release|Any CPU = Release|Any CPU
	EndGlobalSection
	GlobalSection(ProjectConfigurationPlatforms) = postSolution
		{13034C14-8410-459A-ACE6-EA730F08F36C}.Debug|Any CPU.ActiveCfg = Debug|Any CPU
		{13034C14-8410-459A-ACE6-EA730F08F36C}.Debug|Any CPU.Build.0 = Debug|Any CPU
		{13034C14-8410-459A-ACE6-EA730F08F36C}.Release|Any CPU.ActiveCfg = Release|Any CPU
		{13034C14-8410-459A-ACE6-EA730F08F36C}.Release|Any CPU.Build.0 = Release|Any CPU
		{89354BC1-D687-4203-BCF6-50C9BB17BAA5}.Debug|Any CPU.ActiveCfg = Debug|Any CPU
		{89354BC1-D687-4203-BCF6-50C9BB17BAA5}.Debug|Any CPU.Build.0 = Debug|Any CPU
		{89354BC1-D687-4203-BCF6-50C9BB17BAA5}.Release|Any CPU.ActiveCfg = Release|Any CPU
		{89354BC1-D687-4203-BCF6-50C9BB17BAA5}.Release|Any CPU.Build.0 = Release|Any CPU
		{D882FDE4-5375-4AF1-98C2-78A41253C75B}.Debug|Any CPU.ActiveCfg = Debug|Any CPU
		{D882FDE4-5375-4AF1-98C2-78A41253C75B}.Debug|Any CPU.Build.0 = Debug|Any CPU
		{D882FDE4-5375-4AF1-98C2-78A41253C75B}.Release|Any CPU.ActiveCfg = Release|Any CPU
		{D882FDE4-5375-4AF1-98C2-78A41253C75B}.Release|Any CPU.Build.0 = Release|Any CPU
		{D0D90E84-8C54-4800-BAF6-013D13FCAE16}.Debug|Any CPU.ActiveCfg = Debug|Any CPU
		{D0D90E84-8C54-4800-BAF6-013D13FCAE16}.Debug|Any CPU.Build.0 = Debug|Any CPU
		{D0D90E84-8C54-4800-BAF6-013D13FCAE16}.Release|Any CPU.ActiveCfg = Release|Any CPU
		{D0D90E84-8C54-4800-BAF6-013D13FCAE16}.Release|Any CPU.Build.0 = Release|Any CPU
	EndGlobalSection
	GlobalSection(SolutionProperties) = preSolution
		HideSolutionNode = FALSE
	EndGlobalSection
	GlobalSection(ExtensibilityGlobals) = postSolution
		SolutionGuid = {AF0A0943-3E38-4E85-8746-A3EBF23A9B1A}
	EndGlobalSection
EndGlobal
